
Microsoft Visual Studio Solution File, Format Version 12.00
# Visual Studio Version 16
VisualStudioVersion = 16.0.31702.278
MinimumVisualStudioVersion = 10.0.40219.1
Project("{FAE04EC0-301F-11D3-BF4B-00C04F79EFBC}") = "14.05", "14.05\14.05.csproj", "{B09A5B49-9EB7-40D1-B520-CE5175D9A9FD}"
EndProject
Global
	GlobalSection(SolutionConfigurationPlatforms) = preSolution
		Debug|Any CPU = Debug|Any CPU
		Release|Any CPU = Release|Any CPU
	EndGlobalSection
	GlobalSection(ProjectConfigurationPlatforms) = postSolution
		{B09A5B49-9EB7-40D1-B520-CE5175D9A9FD}.Debug|Any CPU.ActiveCfg = Debug|Any CPU
		{B09A5B49-9EB7-40D1-B520-CE5175D9A9FD}.Debug|Any CPU.Build.0 = Debug|Any CPU
		{B09A5B49-9EB7-40D1-B520-CE5175D9A9FD}.Release|Any CPU.ActiveCfg = Release|Any CPU
		{B09A5B49-9EB7-40D1-B520-CE5175D9A9FD}.Release|Any CPU.Build.0 = Release|Any CPU
	EndGlobalSection
	GlobalSection(SolutionProperties) = preSolution
		HideSolutionNode = FALSE
	EndGlobalSection
	GlobalSection(ExtensibilityGlobals) = postSolution
		SolutionGuid = {92252084-2F30-4975-8E2B-5787FC34C15D}
	EndGlobalSection
EndGlobal
